PODS:
  - RxCocoa (6.0.0-rc.1):
    - RxRelay (= 6.0.0-rc.1)
    - RxSwift (= 6.0.0-rc.1)
  - RxRelay (6.0.0-rc.1):
    - RxSwift (= 6.0.0-rc.1)
  - RxSwift (6.0.0-rc.1)
  - Utilities (0.0.1):
    - RxSwift (= 6.0.0-rc.1)

DEPENDENCIES:
  - RxCocoa (= 6.0.0-rc.1)
  - RxSwift (= 6.0.0-rc.1)
  - Utilities (from `Utilities`)

SPEC REPOS:
  trunk:
    - RxCocoa
    - RxRelay
    - RxSwift

EXTERNAL SOURCES:
  Utilities:
    :path: Utilities

SPEC CHECKSUMS:
  RxCocoa: a28d75145c07b7547b85faf1e1ad8b25af88a752
  RxRelay: 56abad6d32f73567858506d08735fdb341935b9a
  RxSwift: dae1a32c48148897494b9e2a6b00a68b40694236
  Utilities: 197bfebcd6fc4f7312f5544a7970bdbdef35da25

PODFILE CHECKSUM: 10622b3bf839cb2c6b5a28da658f695bf843c95a

COCOAPODS: 1.9.3
